
Microsoft Visual Studio Solution File, Format Version 12.00
# Visual Studio Version 16
VisualStudioVersion = 16.0.29709.97
MinimumVisualStudioVersion = 10.0.40219.1
Project("{FAE04EC0-301F-11D3-BF4B-00C04F79EFBC}") = "BFS-c-sharp", "BFS-c-sharp.csproj", "{2969900C-9831-4D26-8D1E-A067DC49CB4B}"
EndProject
Project("{FAE04EC0-301F-11D3-BF4B-00C04F79EFBC}") = "BFS-c-sharp.Tests", "..\BFS-c-sharp.Tests\BFS-c-sharp.Tests.csproj", "{E267E596-7D1F-4E5A-81AF-13894D38C898}"
EndProject
Global
	GlobalSection(SolutionConfigurationPlatforms) = preSolution
		Debug|Any CPU = Debug|Any CPU
		Release|Any CPU = Release|Any CPU
	EndGlobalSection
	GlobalSection(ProjectConfigurationPlatforms) = postSolution
		{2969900C-9831-4D26-8D1E-A067DC49CB4B}.Debug|Any CPU.ActiveCfg = Debug|Any CPU
		{2969900C-9831-4D26-8D1E-A067DC49CB4B}.Debug|Any CPU.Build.0 = Debug|Any CPU
		{2969900C-9831-4D26-8D1E-A067DC49CB4B}.Release|Any CPU.ActiveCfg = Release|Any CPU
		{2969900C-9831-4D26-8D1E-A067DC49CB4B}.Release|Any CPU.Build.0 = Release|Any CPU
		{E267E596-7D1F-4E5A-81AF-13894D38C898}.Debug|Any CPU.ActiveCfg = Debug|Any CPU
		{E267E596-7D1F-4E5A-81AF-13894D38C898}.Debug|Any CPU.Build.0 = Debug|Any CPU
		{E267E596-7D1F-4E5A-81AF-13894D38C898}.Release|Any CPU.ActiveCfg = Release|Any CPU
		{E267E596-7D1F-4E5A-81AF-13894D38C898}.Release|Any CPU.Build.0 = Release|Any CPU
	EndGlobalSection
	GlobalSection(SolutionProperties) = preSolution
		HideSolutionNode = FALSE
	EndGlobalSection
	GlobalSection(ExtensibilityGlobals) = postSolution
		SolutionGuid = {5C41B67A-4A01-4906-9015-0E1E5DAAD6CD}
	EndGlobalSection
EndGlobal
